{"1.1.0",
[{<<"leveled">>,
  {git,"https://github.com/martinsumner/leveled.git",
       {ref,"b9ba3489b3e86d303a0b6282eb325284f092c479"}},
  0},
 {<<"lz4">>,
  {git,"https://github.com/szktty/erlang-lz4",
       {ref,"6bc5efe93bab327788bcde24374f16044b549dd8"}},
  1},
 {<<"sext">>,{pkg,<<"sext">>,<<"1.5.0">>},0}]}.
[
{pkg_hash,[
 {<<"sext">>, <<"07D5D516DAA4C437B2F7DB99F6B2728C8AF939313479B1BEDC1995BB15936236">>}]}
].
