[{<<"leveled">>,
  {git,"https://github.com/aeternity/leveled.git",
       {ref,"0739264a10bb3321bef7bc77b30d4741a7b1626a"}},
  0},
 {<<"lz4">>,
  {git,"https://github.com/martinsumner/erlang-lz4",
       {ref,"09d539685e616b614e851926384439384601ee5a"}},
  1},
 {<<"sext">>,
  {git,"https://github.com/uwiger/sext.git",
       {ref,"05c2a4307ce7913c8565e3e10ff2f4e2206ccb23"}},
  0}].
